
Microsoft Visual Studio Solution File, Format Version 12.00
# Visual Studio Version 16
VisualStudioVersion = 16.0.30711.63
MinimumVisualStudioVersion = 10.0.40219.1
Project("{FAE04EC0-301F-11D3-BF4B-00C04F79EFBC}") = "CareerSearchTwo", "CareerSearchTwo\CareerSearchTwo.csproj", "{1FE122FD-33A0-4485-8C34-F965825D33A8}"
EndProject
Global
	GlobalSection(SolutionConfigurationPlatforms) = preSolution
		Debug|Any CPU = Debug|Any CPU
		Release|Any CPU = Release|Any CPU
	EndGlobalSection
	GlobalSection(ProjectConfigurationPlatforms) = postSolution
		{1FE122FD-33A0-4485-8C34-F965825D33A8}.Debug|Any CPU.ActiveCfg = Debug|Any CPU
		{1FE122FD-33A0-4485-8C34-F965825D33A8}.Debug|Any CPU.Build.0 = Debug|Any CPU
		{1FE122FD-33A0-4485-8C34-F965825D33A8}.Release|Any CPU.ActiveCfg = Release|Any CPU
		{1FE122FD-33A0-4485-8C34-F965825D33A8}.Release|Any CPU.Build.0 = Release|Any CPU
	EndGlobalSection
	GlobalSection(SolutionProperties) = preSolution
		HideSolutionNode = FALSE
	EndGlobalSection
	GlobalSection(ExtensibilityGlobals) = postSolution
		SolutionGuid = {4F12863F-9CFC-4849-A693-C89F637406E2}
	EndGlobalSection
EndGlobal
